// !$*UTF8*$!
{
	archiveVersion = 1;
	classes = {
	};
	objectVersion = 46;
	objects = {

/* Begin PBXBuildFile section */
		445B2EBE1B8A3CD300ECC943 /* libSquirrel.a in Frameworks */ = {isa = PBXBuildFile; fileRef = 445B2EBD1B8A3CC900ECC943 /* libSquirrel.a */; };
		445B2EC81B8A3D9400ECC943 /* sqxtd_utils.cpp in Sources */ = {isa = PBXBuildFile; fileRef = 445B2EC61B8A3D9400ECC943 /* sqxtd_utils.cpp */; };
		445B2EC91B8A3D9400ECC943 /* sqxtd_utils.h in Headers */ = {isa = PBXBuildFile; fileRef = 445B2EC71B8A3D9400ECC943 /* sqxtd_utils.h */; };
/* End PBXBuildFile section */

/* Begin PBXContainerItemProxy section */
		445B2EBC1B8A3CC900ECC943 /* PBXContainerItemProxy */ = {
			isa = PBXContainerItemProxy;
			containerPortal = 445B2EB81B8A3CC900ECC943 /* Squirrel.xcodeproj */;
			proxyType = 2;
			remoteGlobalIDString = 4480101C1B82752600DDF9E6;
			remoteInfo = Squirrel;
		};
/* End PBXContainerItemProxy section */

/* Begin PBXFileReference section */
		445B2EB11B8A3BD100ECC943 /* libSqXtdLib.a */ = {isa = PBXFileReference; explicitFileType = archive.ar; includeInIndex = 0; path = libSqXtdLib.a; sourceTree = BUILT_PRODUCTS_DIR; };
		445B2EB81B8A3CC900ECC943 /* Squirrel.xcodeproj */ = {isa = PBXFileReference; lastKnownFileType = "wrapper.pb-project"; name = Squirrel.xcodeproj; path = ../Vendor/Squirrel/Mac/Squirrel/Squirrel.xcodeproj; sourceTree = "<group>"; };
		445B2EC41B8A3D2000ECC943 /* SqXtdLib.h */ = {isa = PBXFileReference; lastKnownFileType = sourcecode.c.h; path = SqXtdLib.h; sourceTree = "<group>"; };
		445B2EC61B8A3D9400ECC943 /* sqxtd_utils.cpp */ = {isa = PBXFileReference; fileEncoding = 4; lastKnownFileType = sourcecode.cpp.cpp; path = sqxtd_utils.cpp; sourceTree = "<group>"; };
		445B2EC71B8A3D9400ECC943 /* sqxtd_utils.h */ = {isa = PBXFileReference; fileEncoding = 4; lastKnownFileType = sourcecode.c.h; path = sqxtd_utils.h; sourceTree = "<group>"; };
/* End PBXFileReference section */

/* Begin PBXFrameworksBuildPhase section */
		445B2EAE1B8A3BD100ECC943 /* Frameworks */ = {
			isa = PBXFrameworksBuildPhase;
			buildActionMask = 2147483647;
			files = (
				445B2EBE1B8A3CD300ECC943 /* libSquirrel.a in Frameworks */,
			);
			runOnlyForDeploymentPostprocessing = 0;
		};
/* End PBXFrameworksBuildPhase section */

/* Begin PBXGroup section */
		445B2EA81B8A3BD100ECC943 = {
			isa = PBXGroup;
			children = (
				445B2EC21B8A3D1500ECC943 /* Headers */,
				445B2EC31B8A3D1500ECC943 /* SqXtdLib */,
				445B2EBF1B8A3CDB00ECC943 /* Vendor */,
				445B2EB21B8A3BD100ECC943 /* Products */,
			);
			sourceTree = "<group>";
		};
		445B2EB21B8A3BD100ECC943 /* Products */ = {
			isa = PBXGroup;
			children = (
				445B2EB11B8A3BD100ECC943 /* libSqXtdLib.a */,
			);
			name = Products;
			sourceTree = "<group>";
		};
		445B2EB91B8A3CC900ECC943 /* Products */ = {
			isa = PBXGroup;
			children = (
				445B2EBD1B8A3CC900ECC943 /* libSquirrel.a */,
			);
			name = Products;
			sourceTree = "<group>";
		};
		445B2EBF1B8A3CDB00ECC943 /* Vendor */ = {
			isa = PBXGroup;
			children = (
				445B2EB81B8A3CC900ECC943 /* Squirrel.xcodeproj */,
			);
			name = Vendor;
			sourceTree = "<group>";
		};
		445B2EC21B8A3D1500ECC943 /* Headers */ = {
			isa = PBXGroup;
			children = (
				445B2EC41B8A3D2000ECC943 /* SqXtdLib.h */,
			);
			path = Headers;
			sourceTree = "<group>";
		};
		445B2EC31B8A3D1500ECC943 /* SqXtdLib */ = {
			isa = PBXGroup;
			children = (
				445B2EC71B8A3D9400ECC943 /* sqxtd_utils.h */,
				445B2EC61B8A3D9400ECC943 /* sqxtd_utils.cpp */,
			);
			path = SqXtdLib;
			sourceTree = "<group>";
		};
/* End PBXGroup section */

/* Begin PBXHeadersBuildPhase section */
		445B2EAF1B8A3BD100ECC943 /* Headers */ = {
			isa = PBXHeadersBuildPhase;
			buildActionMask = 2147483647;
			files = (
				445B2EC91B8A3D9400ECC943 /* sqxtd_utils.h in Headers */,
			);
			runOnlyForDeploymentPostprocessing = 0;
		};
/* End PBXHeadersBuildPhase section */

/* Begin PBXNativeTarget section */
		445B2EB01B8A3BD100ECC943 /* SqXtdLib */ = {
			isa = PBXNativeTarget;
			buildConfigurationList = 445B2EB51B8A3BD100ECC943 /* Build configuration list for PBXNativeTarget "SqXtdLib" */;
			buildPhases = (
				445B2EAD1B8A3BD100ECC943 /* Sources */,
				445B2EAE1B8A3BD100ECC943 /* Frameworks */,
				445B2EAF1B8A3BD100ECC943 /* Headers */,
			);
			buildRules = (
			);
			dependencies = (
			);
			name = SqXtdLib;
			productName = SqXtdLib;
			productReference = 445B2EB11B8A3BD100ECC943 /* libSqXtdLib.a */;
			productType = "com.apple.product-type.library.static";
		};
/* End PBXNativeTarget section */

/* Begin PBXProject section */
		445B2EA91B8A3BD100ECC943 /* Project object */ = {
			isa = PBXProject;
			attributes = {
				LastUpgradeCheck = 0630;
				ORGANIZATIONNAME = "Egor Chiglintsev";
				TargetAttributes = {
					445B2EB01B8A3BD100ECC943 = {
						CreatedOnToolsVersion = 6.3.1;
					};
				};
			};
			buildConfigurationList = 445B2EAC1B8A3BD100ECC943 /* Build configuration list for PBXProject "SqXtdLib" */;
			compatibilityVersion = "Xcode 3.2";
			developmentRegion = English;
			hasScannedForEncodings = 0;
			knownRegions = (
				en,
			);
			mainGroup = 445B2EA81B8A3BD100ECC943;
			productRefGroup = 445B2EB21B8A3BD100ECC943 /* Products */;
			projectDirPath = "";
			projectReferences = (
				{
					ProductGroup = 445B2EB91B8A3CC900ECC943 /* Products */;
					ProjectRef = 445B2EB81B8A3CC900ECC943 /* Squirrel.xcodeproj */;
				},
			);
			projectRoot = "";
			targets = (
				445B2EB01B8A3BD100ECC943 /* SqXtdLib */,
			);
		};
/* End PBXProject section */

/* Begin PBXReferenceProxy section */
		445B2EBD1B8A3CC900ECC943 /* libSquirrel.a */ = {
			isa = PBXReferenceProxy;
			fileType = archive.ar;
			path = libSquirrel.a;
			remoteRef = 445B2EBC1B8A3CC900ECC943 /* PBXContainerItemProxy */;
			sourceTree = BUILT_PRODUCTS_DIR;
		};
/* End PBXReferenceProxy section */

/* Begin PBXSourcesBuildPhase section */
		445B2EAD1B8A3BD100ECC943 /* Sources */ = {
			isa = PBXSourcesBuildPhase;
			buildActionMask = 2147483647;
			files = (
				445B2EC81B8A3D9400ECC943 /* sqxtd_utils.cpp in Sources */,
			);
			runOnlyForDeploymentPostprocessing = 0;
		};
/* End PBXSourcesBuildPhase section */

/* Begin XCBuildConfiguration section */
		445B2EB31B8A3BD100ECC943 /* Debug */ = {
			isa = XCBuildConfiguration;
			buildSettings = {
				ALWAYS_SEARCH_USER_PATHS = NO;
				CLANG_CXX_LANGUAGE_STANDARD = "gnu++0x";
				CLANG_CXX_LIBRARY = "libc++";
				CLANG_ENABLE_MODULES = YES;
				CLANG_ENABLE_OBJC_ARC = YES;
				CLANG_WARN_BOOL_CONVERSION = YES;
				CLANG_WARN_CONSTANT_CONVERSION = YES;
				CLANG_WARN_DIRECT_OBJC_ISA_USAGE = YES_ERROR;
				CLANG_WARN_EMPTY_BODY = YES;
				CLANG_WARN_ENUM_CONVERSION = YES;
				CLANG_WARN_INT_CONVERSION = YES;
				CLANG_WARN_OBJC_ROOT_CLASS = YES_ERROR;
				CLANG_WARN_UNREACHABLE_CODE = YES;
				CLANG_WARN__DUPLICATE_METHOD_MATCH = YES;
				COPY_PHASE_STRIP = NO;
				DEBUG_INFORMATION_FORMAT = dwarf;
				ENABLE_STRICT_OBJC_MSGSEND = YES;
				GCC_C_LANGUAGE_STANDARD = gnu99;
				GCC_DYNAMIC_NO_PIC = NO;
				GCC_NO_COMMON_BLOCKS = YES;
				GCC_OPTIMIZATION_LEVEL = 0;
				GCC_PREPROCESSOR_DEFINITIONS = (
					"DEBUG=1",
					"$(inherited)",
				);
				GCC_SYMBOLS_PRIVATE_EXTERN = NO;
				GCC_WARN_64_TO_32_BIT_CONVERSION = YES;
				GCC_WARN_ABOUT_RETURN_TYPE = YES_ERROR;
				GCC_WARN_UNDECLARED_SELECTOR = YES;
				GCC_WARN_UNINITIALIZED_AUTOS = YES_AGGRESSIVE;
				GCC_WARN_UNUSED_FUNCTION = YES;
				GCC_WARN_UNUSED_VARIABLE = YES;
				MACOSX_DEPLOYMENT_TARGET = 10.10;
				MTL_ENABLE_DEBUG_INFO = YES;
				ONLY_ACTIVE_ARCH = YES;
				SDKROOT = macosx;
				USER_HEADER_SEARCH_PATHS = "$(SRCROOT)/../Vendor/Squirrel/SQUIRREL3/include";
			};
			name = Debug;
		};
		445B2EB41B8A3BD100ECC943 /* Release */ = {
			isa = XCBuildConfiguration;
			buildSettings = {
				ALWAYS_SEARCH_USER_PATHS = NO;
				CLANG_CXX_LANGUAGE_STANDARD = "gnu++0x";
				CLANG_CXX_LIBRARY = "libc++";
				CLANG_ENABLE_MODULES = YES;
				CLANG_ENABLE_OBJC_ARC = YES;
				CLANG_WARN_BOOL_CONVERSION = YES;
				CLANG_WARN_CONSTANT_CONVERSION = YES;
				CLANG_WARN_DIRECT_OBJC_ISA_USAGE = YES_ERROR;
				CLANG_WARN_EMPTY_BODY = YES;
				CLANG_WARN_ENUM_CONVERSION = YES;
				CLANG_WARN_INT_CONVERSION = YES;
				CLANG_WARN_OBJC_ROOT_CLASS = YES_ERROR;
				CLANG_WARN_UNREACHABLE_CODE = YES;
				CLANG_WARN__DUPLICATE_METHOD_MATCH = YES;
				COPY_PHASE_STRIP = NO;
				DEBUG_INFORMATION_FORMAT = "dwarf-with-dsym";
				ENABLE_NS_ASSERTIONS = NO;
				ENABLE_STRICT_OBJC_MSGSEND = YES;
				GCC_C_LANGUAGE_STANDARD = gnu99;
				GCC_NO_COMMON_BLOCKS = YES;
				GCC_WARN_64_TO_32_BIT_CONVERSION = YES;
				GCC_WARN_ABOUT_RETURN_TYPE = YES_ERROR;
				GCC_WARN_UNDECLARED_SELECTOR = YES;
				GCC_WARN_UNINITIALIZED_AUTOS = YES_AGGRESSIVE;
				GCC_WARN_UNUSED_FUNCTION = YES;
				GCC_WARN_UNUSED_VARIABLE = YES;
				MACOSX_DEPLOYMENT_TARGET = 10.10;
				MTL_ENABLE_DEBUG_INFO = NO;
				SDKROOT = macosx;
				USER_HEADER_SEARCH_PATHS = "$(SRCROOT)/../Vendor/Squirrel/SQUIRREL3/include";
			};
			name = Release;
		};
		445B2EB61B8A3BD100ECC943 /* Debug */ = {
			isa = XCBuildConfiguration;
			buildSettings = {
				EXECUTABLE_PREFIX = lib;
				PRODUCT_NAME = "$(TARGET_NAME)";
			};
			name = Debug;
		};
		445B2EB71B8A3BD100ECC943 /* Release */ = {
			isa = XCBuildConfiguration;
			buildSettings = {
				EXECUTABLE_PREFIX = lib;
				PRODUCT_NAME = "$(TARGET_NAME)";
			};
			name = Release;
		};
/* End XCBuildConfiguration section */

/* Begin XCConfigurationList section */
		445B2EAC1B8A3BD100ECC943 /* Build configuration list for PBXProject "SqXtdLib" */ = {
			isa = XCConfigurationList;
			buildConfigurations = (
				445B2EB31B8A3BD100ECC943 /* Debug */,
				445B2EB41B8A3BD100ECC943 /* Release */,
			);
			defaultConfigurationIsVisible = 0;
			defaultConfigurationName = Release;
		};
		445B2EB51B8A3BD100ECC943 /* Build configuration list for PBXNativeTarget "SqXtdLib" */ = {
			isa = XCConfigurationList;
			buildConfigurations = (
				445B2EB61B8A3BD100ECC943 /* Debug */,
				445B2EB71B8A3BD100ECC943 /* Release */,
			);
			defaultConfigurationIsVisible = 0;
		};
/* End XCConfigurationList section */
	};
	rootObject = 445B2EA91B8A3BD100ECC943 /* Project object */;
}
